
Microsoft Visual Studio Solution File, Format Version 12.00
# Visual Studio 15
VisualStudioVersion = 15.0.25807.0
MinimumVisualStudioVersion = 10.0.40219.1
Project("{2150E333-8FDC-42A3-9474-1A3956D46DE8}") = "Engine", "Engine", "{88369C69-79E8-4EDA-A70C-0E2548966C72}"
EndProject
Project("{2150E333-8FDC-42A3-9474-1A3956D46DE8}") = "Games", "Games", "{4240F706-CF44-42E6-AAAF-A3ACD5EFABE3}"
EndProject
Project("{8BC9CEB8-8B4A-11D0-8D11-00A0C91BC942}") = "UE4", "Intermediate\ProjectFiles\UE4.vcxproj", "{9D898068-6A5E-410F-815C-DEFAB6CFE5BB}"
EndProject
Project("{8BC9CEB8-8B4A-11D0-8D11-00A0C91BC942}") = "SProject", "Intermediate\ProjectFiles\SProject.vcxproj", "{58CA00B4-A977-46A8-80E5-EEE278543280}"
EndProject
Project("{2150E333-8FDC-42A3-9474-1A3956D46DE8}") = "Visualizers", "Visualizers", "{B1E6C62F-D210-4F50-9980-805FB81F16E9}"
	ProjectSection(SolutionItems) = preProject
		C:\Program Files\Epic Games\UE_4.21\Engine\Extras\VisualStudioDebugging\UE4.natvis = C:\Program Files\Epic Games\UE_4.21\Engine\Extras\VisualStudioDebugging\UE4.natvis
	EndProjectSection
EndProject
Global
	GlobalSection(SolutionConfigurationPlatforms) = preSolution
		DebugGame Editor|HTML5 = DebugGame Editor|HTML5
		DebugGame Editor|Win32 = DebugGame Editor|Win32
		DebugGame Editor|Win64 = DebugGame Editor|Win64
		DebugGame|HTML5 = DebugGame|HTML5
		DebugGame|Win32 = DebugGame|Win32
		DebugGame|Win64 = DebugGame|Win64
		Development Editor|HTML5 = Development Editor|HTML5
		Development Editor|Win32 = Development Editor|Win32
		Development Editor|Win64 = Development Editor|Win64
		Development|HTML5 = Development|HTML5
		Development|Win32 = Development|Win32
		Development|Win64 = Development|Win64
		Shipping|HTML5 = Shipping|HTML5
		Shipping|Win32 = Shipping|Win32
		Shipping|Win64 = Shipping|Win64
	EndGlobalSection
	GlobalSection(ProjectConfigurationPlatforms) = postSolution
		{9D898068-6A5E-410F-815C-DEFAB6CFE5BB}.DebugGame Editor|HTML5.ActiveCfg = BuiltWithUnrealBuildTool|Win32
		{9D898068-6A5E-410F-815C-DEFAB6CFE5BB}.DebugGame Editor|Win32.ActiveCfg = BuiltWithUnrealBuildTool|Win32
		{9D898068-6A5E-410F-815C-DEFAB6CFE5BB}.DebugGame Editor|Win64.ActiveCfg = BuiltWithUnrealBuildTool|Win32
		{9D898068-6A5E-410F-815C-DEFAB6CFE5BB}.DebugGame|HTML5.ActiveCfg = BuiltWithUnrealBuildTool|Win32
		{9D898068-6A5E-410F-815C-DEFAB6CFE5BB}.DebugGame|Win32.ActiveCfg = BuiltWithUnrealBuildTool|Win32
		{9D898068-6A5E-410F-815C-DEFAB6CFE5BB}.DebugGame|Win64.ActiveCfg = BuiltWithUnrealBuildTool|Win32
		{9D898068-6A5E-410F-815C-DEFAB6CFE5BB}.Development Editor|HTML5.ActiveCfg = BuiltWithUnrealBuildTool|Win32
		{9D898068-6A5E-410F-815C-DEFAB6CFE5BB}.Development Editor|Win32.ActiveCfg = BuiltWithUnrealBuildTool|Win32
		{9D898068-6A5E-410F-815C-DEFAB6CFE5BB}.Development Editor|Win64.ActiveCfg = BuiltWithUnrealBuildTool|Win32
		{9D898068-6A5E-410F-815C-DEFAB6CFE5BB}.Development|HTML5.ActiveCfg = BuiltWithUnrealBuildTool|Win32
		{9D898068-6A5E-410F-815C-DEFAB6CFE5BB}.Development|Win32.ActiveCfg = BuiltWithUnrealBuildTool|Win32
		{9D898068-6A5E-410F-815C-DEFAB6CFE5BB}.Development|Win64.ActiveCfg = BuiltWithUnrealBuildTool|Win32
		{9D898068-6A5E-410F-815C-DEFAB6CFE5BB}.Shipping|HTML5.ActiveCfg = BuiltWithUnrealBuildTool|Win32
		{9D898068-6A5E-410F-815C-DEFAB6CFE5BB}.Shipping|Win32.ActiveCfg = BuiltWithUnrealBuildTool|Win32
		{9D898068-6A5E-410F-815C-DEFAB6CFE5BB}.Shipping|Win64.ActiveCfg = BuiltWithUnrealBuildTool|Win32
		{58CA00B4-A977-46A8-80E5-EEE278543280}.DebugGame Editor|HTML5.ActiveCfg = Invalid|Win32
		{58CA00B4-A977-46A8-80E5-EEE278543280}.DebugGame Editor|Win32.ActiveCfg = Invalid|Win32
		{58CA00B4-A977-46A8-80E5-EEE278543280}.DebugGame Editor|Win64.ActiveCfg = DebugGame_Editor|x64
		{58CA00B4-A977-46A8-80E5-EEE278543280}.DebugGame Editor|Win64.Build.0 = DebugGame_Editor|x64
		{58CA00B4-A977-46A8-80E5-EEE278543280}.DebugGame|HTML5.ActiveCfg = HTML5_DebugGame|Win32
		{58CA00B4-A977-46A8-80E5-EEE278543280}.DebugGame|HTML5.Build.0 = HTML5_DebugGame|Win32
		{58CA00B4-A977-46A8-80E5-EEE278543280}.DebugGame|Win32.ActiveCfg = DebugGame|Win32
		{58CA00B4-A977-46A8-80E5-EEE278543280}.DebugGame|Win32.Build.0 = DebugGame|Win32
		{58CA00B4-A977-46A8-80E5-EEE278543280}.DebugGame|Win64.ActiveCfg = DebugGame|x64
		{58CA00B4-A977-46A8-80E5-EEE278543280}.DebugGame|Win64.Build.0 = DebugGame|x64
		{58CA00B4-A977-46A8-80E5-EEE278543280}.Development Editor|HTML5.ActiveCfg = Invalid|Win32
		{58CA00B4-A977-46A8-80E5-EEE278543280}.Development Editor|Win32.ActiveCfg = Invalid|Win32
		{58CA00B4-A977-46A8-80E5-EEE278543280}.Development Editor|Win64.ActiveCfg = Development_Editor|x64
		{58CA00B4-A977-46A8-80E5-EEE278543280}.Development Editor|Win64.Build.0 = Development_Editor|x64
		{58CA00B4-A977-46A8-80E5-EEE278543280}.Development|HTML5.ActiveCfg = HTML5_Development|Win32
		{58CA00B4-A977-46A8-80E5-EEE278543280}.Development|HTML5.Build.0 = HTML5_Development|Win32
		{58CA00B4-A977-46A8-80E5-EEE278543280}.Development|Win32.ActiveCfg = Development|Win32
		{58CA00B4-A977-46A8-80E5-EEE278543280}.Development|Win32.Build.0 = Development|Win32
		{58CA00B4-A977-46A8-80E5-EEE278543280}.Development|Win64.ActiveCfg = Development|x64
		{58CA00B4-A977-46A8-80E5-EEE278543280}.Development|Win64.Build.0 = Development|x64
		{58CA00B4-A977-46A8-80E5-EEE278543280}.Shipping|HTML5.ActiveCfg = HTML5_Shipping|Win32
		{58CA00B4-A977-46A8-80E5-EEE278543280}.Shipping|HTML5.Build.0 = HTML5_Shipping|Win32
		{58CA00B4-A977-46A8-80E5-EEE278543280}.Shipping|Win32.ActiveCfg = Shipping|Win32
		{58CA00B4-A977-46A8-80E5-EEE278543280}.Shipping|Win32.Build.0 = Shipping|Win32
		{58CA00B4-A977-46A8-80E5-EEE278543280}.Shipping|Win64.ActiveCfg = Shipping|x64
		{58CA00B4-A977-46A8-80E5-EEE278543280}.Shipping|Win64.Build.0 = Shipping|x64
	EndGlobalSection
	GlobalSection(SolutionProperties) = preSolution
		HideSolutionNode = FALSE
	EndGlobalSection
	GlobalSection(NestedProjects) = preSolution
		{9D898068-6A5E-410F-815C-DEFAB6CFE5BB} = {88369C69-79E8-4EDA-A70C-0E2548966C72}
		{58CA00B4-A977-46A8-80E5-EEE278543280} = {4240F706-CF44-42E6-AAAF-A3ACD5EFABE3}
	EndGlobalSection
EndGlobal
